
Microsoft Visual Studio Solution File, Format Version 10.00
# Visual Studio 2008
Project("{FAE04EC0-301F-11D3-BF4B-00C04F79EFBC}") = "MouseInterception", "MouseInterception.csproj", "{4D4FFFC1-301B-4312-8861-A62FC5E3C5A7}"
EndProject
Global
	GlobalSection(SolutionConfigurationPlatforms) = preSolution
		Debug|Any CPU = Debug|Any CPU
		Release|Any CPU = Release|Any CPU
	EndGlobalSection
	GlobalSection(ProjectConfigurationPlatforms) = postSolution
		{4D4FFFC1-301B-4312-8861-A62FC5E3C5A7}.Debug|Any CPU.ActiveCfg = Debug|Any CPU
		{4D4FFFC1-301B-4312-8861-A62FC5E3C5A7}.Debug|Any CPU.Build.0 = Debug|Any CPU
		{4D4FFFC1-301B-4312-8861-A62FC5E3C5A7}.Release|Any CPU.ActiveCfg = Release|Any CPU
		{4D4FFFC1-301B-4312-8861-A62FC5E3C5A7}.Release|Any CPU.Build.0 = Release|Any CPU
	EndGlobalSection
	GlobalSection(SolutionProperties) = preSolution
		HideSolutionNode = FALSE
	EndGlobalSection
EndGlobal
